// !$*UTF8*$!
{
	archiveVersion = 1;
	classes = {
	};
	objectVersion = 56;
	objects = {

/* Begin PBXBuildFile section */
		2701AE8A2BAB467D00620384 /* AppDelegate.swift in Sources */ = {isa = PBXBuildFile; fileRef = 2701AE892BAB467D00620384 /* AppDelegate.swift */; };
		2701AE8C2BAB467D00620384 /* SceneDelegate.swift in Sources */ = {isa = PBXBuildFile; fileRef = 2701AE8B2BAB467D00620384 /* SceneDelegate.swift */; };
		2701AE912BAB467D00620384 /* Base in Resources */ = {isa = PBXBuildFile; fileRef = 2701AE902BAB467D00620384 /* Base */; };
		2701AE942BAB467D00620384 /* College_Student_Using_Coredata.xcdatamodeld in Sources */ = {isa = PBXBuildFile; fileRef = 2701AE922BAB467D00620384 /* College_Student_Using_Coredata.xcdatamodeld */; };
		2701AE962BAB468100620384 /* Assets.xcassets in Resources */ = {isa = PBXBuildFile; fileRef = 2701AE952BAB468100620384 /* Assets.xcassets */; };
		2701AE992BAB468100620384 /* Base in Resources */ = {isa = PBXBuildFile; fileRef = 2701AE982BAB468100620384 /* Base */; };
		2701AEA72BAB488300620384 /* CollegeListViewController.swift in Sources */ = {isa = PBXBuildFile; fileRef = 2701AEA62BAB488300620384 /* CollegeListViewController.swift */; };
		2701AEA92BAB48E500620384 /* CollegeFormViewController.swift in Sources */ = {isa = PBXBuildFile; fileRef = 2701AEA82BAB48E500620384 /* CollegeFormViewController.swift */; };
		2701AEAB2BAB490F00620384 /* CollegeDetailTableViewController.swift in Sources */ = {isa = PBXBuildFile; fileRef = 2701AEAA2BAB490F00620384 /* CollegeDetailTableViewController.swift */; };
		2701AEAD2BAB4A2800620384 /* DatabaseHelper.swift in Sources */ = {isa = PBXBuildFile; fileRef = 2701AEAC2BAB4A2800620384 /* DatabaseHelper.swift */; };
		2701AEB02BAB4FFE00620384 /* CollegeListTableViewCell.swift in Sources */ = {isa = PBXBuildFile; fileRef = 2701AEAF2BAB4FFE00620384 /* CollegeListTableViewCell.swift */; };
		2701AEB22BAC19A000620384 /* StudentListViewController.swift in Sources */ = {isa = PBXBuildFile; fileRef = 2701AEB12BAC199F00620384 /* StudentListViewController.swift */; };
		2701AEB42BAC19B100620384 /* StudentFormViewController.swift in Sources */ = {isa = PBXBuildFile; fileRef = 2701AEB32BAC19B100620384 /* StudentFormViewController.swift */; };
/* End PBXBuildFile section */

/* Begin PBXFileReference section */
		2701AE862BAB467D00620384 /* College-Student-Using-Coredata.app */ = {isa = PBXFileReference; explicitFileType = wrapper.application; includeInIndex = 0; path = "College-Student-Using-Coredata.app"; sourceTree = BUILT_PRODUCTS_DIR; };
		2701AE892BAB467D00620384 /* AppDelegate.swift */ = {isa = PBXFileReference; lastKnownFileType = sourcecode.swift; path = AppDelegate.swift; sourceTree = "<group>"; };
		2701AE8B2BAB467D00620384 /* SceneDelegate.swift */ = {isa = PBXFileReference; lastKnownFileType = sourcecode.swift; path = SceneDelegate.swift; sourceTree = "<group>"; };
		2701AE902BAB467D00620384 /* Base */ = {isa = PBXFileReference; lastKnownFileType = file.storyboard; name = Base; path = Base.lproj/Main.storyboard; sourceTree = "<group>"; };
		2701AE932BAB467D00620384 /* College_Student_Using_Coredata.xcdatamodel */ = {isa = PBXFileReference; lastKnownFileType = wrapper.xcdatamodel; path = College_Student_Using_Coredata.xcdatamodel; sourceTree = "<group>"; };
		2701AE952BAB468100620384 /* Assets.xcassets */ = {isa = PBXFileReference; lastKnownFileType = folder.assetcatalog; path = Assets.xcassets; sourceTree = "<group>"; };
		2701AE982BAB468100620384 /* Base */ = {isa = PBXFileReference; lastKnownFileType = file.storyboard; name = Base; path = Base.lproj/LaunchScreen.storyboard; sourceTree = "<group>"; };
		2701AE9A2BAB468100620384 /* Info.plist */ = {isa = PBXFileReference; lastKnownFileType = text.plist.xml; path = Info.plist; sourceTree = "<group>"; };
		2701AEA62BAB488300620384 /* CollegeListViewController.swift */ = {isa = PBXFileReference; lastKnownFileType = sourcecode.swift; path = CollegeListViewController.swift; sourceTree = "<group>"; };
		2701AEA82BAB48E500620384 /* CollegeFormViewController.swift */ = {isa = PBXFileReference; lastKnownFileType = sourcecode.swift; path = CollegeFormViewController.swift; sourceTree = "<group>"; };
		2701AEAA2BAB490F00620384 /* CollegeDetailTableViewController.swift */ = {isa = PBXFileReference; lastKnownFileType = sourcecode.swift; path = CollegeDetailTableViewController.swift; sourceTree = "<group>"; };
		2701AEAC2BAB4A2800620384 /* DatabaseHelper.swift */ = {isa = PBXFileReference; lastKnownFileType = sourcecode.swift; path = DatabaseHelper.swift; sourceTree = "<group>"; };
		2701AEAF2BAB4FFE00620384 /* CollegeListTableViewCell.swift */ = {isa = PBXFileReference; lastKnownFileType = sourcecode.swift; path = CollegeListTableViewCell.swift; sourceTree = "<group>"; };
		2701AEB12BAC199F00620384 /* StudentListViewController.swift */ = {isa = PBXFileReference; lastKnownFileType = sourcecode.swift; path = StudentListViewController.swift; sourceTree = "<group>"; };
		2701AEB32BAC19B100620384 /* StudentFormViewController.swift */ = {isa = PBXFileReference; lastKnownFileType = sourcecode.swift; path = StudentFormViewController.swift; sourceTree = "<group>"; };
/* End PBXFileReference section */

/* Begin PBXFrameworksBuildPhase section */
		2701AE832BAB467D00620384 /* Frameworks */ = {
			isa = PBXFrameworksBuildPhase;
			buildActionMask = 2147483647;
			files = (
			);
			runOnlyForDeploymentPostprocessing = 0;
		};
/* End PBXFrameworksBuildPhase section */

/* Begin PBXGroup section */
		2701AE7D2BAB467C00620384 = {
			isa = PBXGroup;
			children = (
				2701AE882BAB467D00620384 /* College-Student-Using-Coredata */,
				2701AE872BAB467D00620384 /* Products */,
			);
			sourceTree = "<group>";
		};
		2701AE872BAB467D00620384 /* Products */ = {
			isa = PBXGroup;
			children = (
				2701AE862BAB467D00620384 /* College-Student-Using-Coredata.app */,
			);
			name = Products;
			sourceTree = "<group>";
		};
		2701AE882BAB467D00620384 /* College-Student-Using-Coredata */ = {
			isa = PBXGroup;
			children = (
				2701AEA32BAB46BB00620384 /* View */,
				2701AEA22BAB46B800620384 /* DatabaseHelper */,
				2701AEA02BAB46A800620384 /* Controller */,
				2701AE892BAB467D00620384 /* AppDelegate.swift */,
				2701AE8B2BAB467D00620384 /* SceneDelegate.swift */,
				2701AE8F2BAB467D00620384 /* Main.storyboard */,
				2701AE952BAB468100620384 /* Assets.xcassets */,
				2701AE972BAB468100620384 /* LaunchScreen.storyboard */,
				2701AE9A2BAB468100620384 /* Info.plist */,
				2701AE922BAB467D00620384 /* College_Student_Using_Coredata.xcdatamodeld */,
			);
			path = "College-Student-Using-Coredata";
			sourceTree = "<group>";
		};
		2701AEA02BAB46A800620384 /* Controller */ = {
			isa = PBXGroup;
			children = (
				2701AEA52BAB484D00620384 /* Student */,
				2701AEA42BAB484800620384 /* College */,
			);
			path = Controller;
			sourceTree = "<group>";
		};
		2701AEA22BAB46B800620384 /* DatabaseHelper */ = {
			isa = PBXGroup;
			children = (
				2701AEAC2BAB4A2800620384 /* DatabaseHelper.swift */,
			);
			path = DatabaseHelper;
			sourceTree = "<group>";
		};
		2701AEA32BAB46BB00620384 /* View */ = {
			isa = PBXGroup;
			children = (
				2701AEAE2BAB4FCF00620384 /* CollegeCell */,
			);
			path = View;
			sourceTree = "<group>";
		};
		2701AEA42BAB484800620384 /* College */ = {
			isa = PBXGroup;
			children = (
				2701AEA62BAB488300620384 /* CollegeListViewController.swift */,
				2701AEA82BAB48E500620384 /* CollegeFormViewController.swift */,
				2701AEAA2BAB490F00620384 /* CollegeDetailTableViewController.swift */,
			);
			path = College;
			sourceTree = "<group>";
		};
		2701AEA52BAB484D00620384 /* Student */ = {
			isa = PBXGroup;
			children = (
				2701AEB12BAC199F00620384 /* StudentListViewController.swift */,
				2701AEB32BAC19B100620384 /* StudentFormViewController.swift */,
			);
			path = Student;
			sourceTree = "<group>";
		};
		2701AEAE2BAB4FCF00620384 /* CollegeCell */ = {
			isa = PBXGroup;
			children = (
				2701AEAF2BAB4FFE00620384 /* CollegeListTableViewCell.swift */,
			);
			path = CollegeCell;
			sourceTree = "<group>";
		};
/* End PBXGroup section */

/* Begin PBXNativeTarget section */
		2701AE852BAB467D00620384 /* College-Student-Using-Coredata */ = {
			isa = PBXNativeTarget;
			buildConfigurationList = 2701AE9D2BAB468100620384 /* Build configuration list for PBXNativeTarget "College-Student-Using-Coredata" */;
			buildPhases = (
				2701AE822BAB467D00620384 /* Sources */,
				2701AE832BAB467D00620384 /* Frameworks */,
				2701AE842BAB467D00620384 /* Resources */,
			);
			buildRules = (
			);
			dependencies = (
			);
			name = "College-Student-Using-Coredata";
			productName = "College-Student-Using-Coredata";
			productReference = 2701AE862BAB467D00620384 /* College-Student-Using-Coredata.app */;
			productType = "com.apple.product-type.application";
		};
/* End PBXNativeTarget section */

/* Begin PBXProject section */
		2701AE7E2BAB467C00620384 /* Project object */ = {
			isa = PBXProject;
			attributes = {
				BuildIndependentTargetsInParallel = 1;
				LastSwiftUpdateCheck = 1530;
				LastUpgradeCheck = 1530;
				TargetAttributes = {
					2701AE852BAB467D00620384 = {
						CreatedOnToolsVersion = 15.3;
					};
				};
			};
			buildConfigurationList = 2701AE812BAB467C00620384 /* Build configuration list for PBXProject "College-Student-Using-Coredata" */;
			compatibilityVersion = "Xcode 14.0";
			developmentRegion = en;
			hasScannedForEncodings = 0;
			knownRegions = (
				en,
				Base,
			);
			mainGroup = 2701AE7D2BAB467C00620384;
			productRefGroup = 2701AE872BAB467D00620384 /* Products */;
			projectDirPath = "";
			projectRoot = "";
			targets = (
				2701AE852BAB467D00620384 /* College-Student-Using-Coredata */,
			);
		};
/* End PBXProject section */

/* Begin PBXResourcesBuildPhase section */
		2701AE842BAB467D00620384 /* Resources */ = {
			isa = PBXResourcesBuildPhase;
			buildActionMask = 2147483647;
			files = (
				2701AE962BAB468100620384 /* Assets.xcassets in Resources */,
				2701AE992BAB468100620384 /* Base in Resources */,
				2701AE912BAB467D00620384 /* Base in Resources */,
			);
			runOnlyForDeploymentPostprocessing = 0;
		};
/* End PBXResourcesBuildPhase section */

/* Begin PBXSourcesBuildPhase section */
		2701AE822BAB467D00620384 /* Sources */ = {
			isa = PBXSourcesBuildPhase;
			buildActionMask = 2147483647;
			files = (
				2701AEAB2BAB490F00620384 /* CollegeDetailTableViewController.swift in Sources */,
				2701AEB22BAC19A000620384 /* StudentListViewController.swift in Sources */,
				2701AEB42BAC19B100620384 /* StudentFormViewController.swift in Sources */,
				2701AE8A2BAB467D00620384 /* AppDelegate.swift in Sources */,
				2701AEA72BAB488300620384 /* CollegeListViewController.swift in Sources */,
				2701AEB02BAB4FFE00620384 /* CollegeListTableViewCell.swift in Sources */,
				2701AEAD2BAB4A2800620384 /* DatabaseHelper.swift in Sources */,
				2701AE8C2BAB467D00620384 /* SceneDelegate.swift in Sources */,
				2701AE942BAB467D00620384 /* College_Student_Using_Coredata.xcdatamodeld in Sources */,
				2701AEA92BAB48E500620384 /* CollegeFormViewController.swift in Sources */,
			);
			runOnlyForDeploymentPostprocessing = 0;
		};
/* End PBXSourcesBuildPhase section */

/* Begin PBXVariantGroup section */
		2701AE8F2BAB467D00620384 /* Main.storyboard */ = {
			isa = PBXVariantGroup;
			children = (
				2701AE902BAB467D00620384 /* Base */,
			);
			name = Main.storyboard;
			sourceTree = "<group>";
		};
		2701AE972BAB468100620384 /* LaunchScreen.storyboard */ = {
			isa = PBXVariantGroup;
			children = (
				2701AE982BAB468100620384 /* Base */,
			);
			name = LaunchScreen.storyboard;
			sourceTree = "<group>";
		};
/* End PBXVariantGroup section */

/* Begin XCBuildConfiguration section */
		2701AE9B2BAB468100620384 /* Debug */ = {
			isa = XCBuildConfiguration;
			buildSettings = {
				ALWAYS_SEARCH_USER_PATHS = NO;
				ASSETCATALOG_COMPILER_GENERATE_SWIFT_ASSET_SYMBOL_EXTENSIONS = YES;
				CLANG_ANALYZER_NONNULL = YES;
				CLANG_ANALYZER_NUMBER_OBJECT_CONVERSION = YES_AGGRESSIVE;
				CLANG_CXX_LANGUAGE_STANDARD = "gnu++20";
				CLANG_ENABLE_MODULES = YES;
				CLANG_ENABLE_OBJC_ARC = YES;
				CLANG_ENABLE_OBJC_WEAK = YES;
				CLANG_WARN_BLOCK_CAPTURE_AUTORELEASING = YES;
				CLANG_WARN_BOOL_CONVERSION = YES;
				CLANG_WARN_COMMA = YES;
				CLANG_WARN_CONSTANT_CONVERSION = YES;
				CLANG_WARN_DEPRECATED_OBJC_IMPLEMENTATIONS = YES;
				CLANG_WARN_DIRECT_OBJC_ISA_USAGE = YES_ERROR;
				CLANG_WARN_DOCUMENTATION_COMMENTS = YES;
				CLANG_WARN_EMPTY_BODY = YES;
				CLANG_WARN_ENUM_CONVERSION = YES;
				CLANG_WARN_INFINITE_RECURSION = YES;
				CLANG_WARN_INT_CONVERSION = YES;
				CLANG_WARN_NON_LITERAL_NULL_CONVERSION = YES;
				CLANG_WARN_OBJC_IMPLICIT_RETAIN_SELF = YES;
				CLANG_WARN_OBJC_LITERAL_CONVERSION = YES;
				CLANG_WARN_OBJC_ROOT_CLASS = YES_ERROR;
				CLANG_WARN_QUOTED_INCLUDE_IN_FRAMEWORK_HEADER = YES;
				CLANG_WARN_RANGE_LOOP_ANALYSIS = YES;
				CLANG_WARN_STRICT_PROTOTYPES = YES;
				CLANG_WARN_SUSPICIOUS_MOVE = YES;
				CLANG_WARN_UNGUARDED_AVAILABILITY = YES_AGGRESSIVE;
				CLANG_WARN_UNREACHABLE_CODE = YES;
				CLANG_WARN__DUPLICATE_METHOD_MATCH = YES;
				COPY_PHASE_STRIP = NO;
				DEBUG_INFORMATION_FORMAT = dwarf;
				ENABLE_STRICT_OBJC_MSGSEND = YES;
				ENABLE_TESTABILITY = YES;
				ENABLE_USER_SCRIPT_SANDBOXING = YES;
				GCC_C_LANGUAGE_STANDARD = gnu17;
				GCC_DYNAMIC_NO_PIC = NO;
				GCC_NO_COMMON_BLOCKS = YES;
				GCC_OPTIMIZATION_LEVEL = 0;
				GCC_PREPROCESSOR_DEFINITIONS = (
					"DEBUG=1",
					"$(inherited)",
				);
				GCC_WARN_64_TO_32_BIT_CONVERSION = YES;
				GCC_WARN_ABOUT_RETURN_TYPE = YES_ERROR;
				GCC_WARN_UNDECLARED_SELECTOR = YES;
				GCC_WARN_UNINITIALIZED_AUTOS = YES_AGGRESSIVE;
				GCC_WARN_UNUSED_FUNCTION = YES;
				GCC_WARN_UNUSED_VARIABLE = YES;
				IPHONEOS_DEPLOYMENT_TARGET = 17.4;
				LOCALIZATION_PREFERS_STRING_CATALOGS = YES;
				MTL_ENABLE_DEBUG_INFO = INCLUDE_SOURCE;
				MTL_FAST_MATH = YES;
				ONLY_ACTIVE_ARCH = YES;
				SDKROOT = iphoneos;
				SWIFT_ACTIVE_COMPILATION_CONDITIONS = "DEBUG $(inherited)";
				SWIFT_OPTIMIZATION_LEVEL = "-Onone";
			};
			name = Debug;
		};
		2701AE9C2BAB468100620384 /* Release */ = {
			isa = XCBuildConfiguration;
			buildSettings = {
				ALWAYS_SEARCH_USER_PATHS = NO;
				ASSETCATALOG_COMPILER_GENERATE_SWIFT_ASSET_SYMBOL_EXTENSIONS = YES;
				CLANG_ANALYZER_NONNULL = YES;
				CLANG_ANALYZER_NUMBER_OBJECT_CONVERSION = YES_AGGRESSIVE;
				CLANG_CXX_LANGUAGE_STANDARD = "gnu++20";
				CLANG_ENABLE_MODULES = YES;
				CLANG_ENABLE_OBJC_ARC = YES;
				CLANG_ENABLE_OBJC_WEAK = YES;
				CLANG_WARN_BLOCK_CAPTURE_AUTORELEASING = YES;
				CLANG_WARN_BOOL_CONVERSION = YES;
				CLANG_WARN_COMMA = YES;
				CLANG_WARN_CONSTANT_CONVERSION = YES;
				CLANG_WARN_DEPRECATED_OBJC_IMPLEMENTATIONS = YES;
				CLANG_WARN_DIRECT_OBJC_ISA_USAGE = YES_ERROR;
				CLANG_WARN_DOCUMENTATION_COMMENTS = YES;
				CLANG_WARN_EMPTY_BODY = YES;
				CLANG_WARN_ENUM_CONVERSION = YES;
				CLANG_WARN_INFINITE_RECURSION = YES;
				CLANG_WARN_INT_CONVERSION = YES;
				CLANG_WARN_NON_LITERAL_NULL_CONVERSION = YES;
				CLANG_WARN_OBJC_IMPLICIT_RETAIN_SELF = YES;
				CLANG_WARN_OBJC_LITERAL_CONVERSION = YES;
				CLANG_WARN_OBJC_ROOT_CLASS = YES_ERROR;
				CLANG_WARN_QUOTED_INCLUDE_IN_FRAMEWORK_HEADER = YES;
				CLANG_WARN_RANGE_LOOP_ANALYSIS = YES;
				CLANG_WARN_STRICT_PROTOTYPES = YES;
				CLANG_WARN_SUSPICIOUS_MOVE = YES;
				CLANG_WARN_UNGUARDED_AVAILABILITY = YES_AGGRESSIVE;
				CLANG_WARN_UNREACHABLE_CODE = YES;
				CLANG_WARN__DUPLICATE_METHOD_MATCH = YES;
				COPY_PHASE_STRIP = NO;
				DEBUG_INFORMATION_FORMAT = "dwarf-with-dsym";
				ENABLE_NS_ASSERTIONS = NO;
				ENABLE_STRICT_OBJC_MSGSEND = YES;
				ENABLE_USER_SCRIPT_SANDBOXING = YES;
				GCC_C_LANGUAGE_STANDARD = gnu17;
				GCC_NO_COMMON_BLOCKS = YES;
				GCC_WARN_64_TO_32_BIT_CONVERSION = YES;
				GCC_WARN_ABOUT_RETURN_TYPE = YES_ERROR;
				GCC_WARN_UNDECLARED_SELECTOR = YES;
				GCC_WARN_UNINITIALIZED_AUTOS = YES_AGGRESSIVE;
				GCC_WARN_UNUSED_FUNCTION = YES;
				GCC_WARN_UNUSED_VARIABLE = YES;
				IPHONEOS_DEPLOYMENT_TARGET = 17.4;
				LOCALIZATION_PREFERS_STRING_CATALOGS = YES;
				MTL_ENABLE_DEBUG_INFO = NO;
				MTL_FAST_MATH = YES;
				SDKROOT = iphoneos;
				SWIFT_COMPILATION_MODE = wholemodule;
				VALIDATE_PRODUCT = YES;
			};
			name = Release;
		};
		2701AE9E2BAB468100620384 /* Debug */ = {
			isa = XCBuildConfiguration;
			buildSettings = {
				ASSETCATALOG_COMPILER_APPICON_NAME = AppIcon;
				ASSETCATALOG_COMPILER_GLOBAL_ACCENT_COLOR_NAME = AccentColor;
				CODE_SIGN_STYLE = Automatic;
				CURRENT_PROJECT_VERSION = 1;
				GENERATE_INFOPLIST_FILE = YES;
				INFOPLIST_FILE = "College-Student-Using-Coredata/Info.plist";
				INFOPLIST_KEY_UIApplicationSupportsIndirectInputEvents = YES;
				INFOPLIST_KEY_UILaunchStoryboardName = LaunchScreen;
				INFOPLIST_KEY_UIMainStoryboardFile = Main;
				INFOPLIST_KEY_UISupportedInterfaceOrientations_iPad = "UIInterfaceOrientationPortrait UIInterfaceOrientationPortraitUpsideDown UIInterfaceOrientationLandscapeLeft UIInterfaceOrientationLandscapeRight";
				INFOPLIST_KEY_UISupportedInterfaceOrientations_iPhone = "UIInterfaceOrientationPortrait UIInterfaceOrientationLandscapeLeft UIInterfaceOrientationLandscapeRight";
				LD_RUNPATH_SEARCH_PATHS = (
					"$(inherited)",
					"@executable_path/Frameworks",
				);
				MARKETING_VERSION = 1.0;
				PRODUCT_BUNDLE_IDENTIFIER = "com.basics.coredatayp.College-Student-Using-Coredata";
				PRODUCT_NAME = "$(TARGET_NAME)";
				SWIFT_EMIT_LOC_STRINGS = YES;
				SWIFT_VERSION = 5.0;
				TARGETED_DEVICE_FAMILY = "1,2";
			};
			name = Debug;
		};
		2701AE9F2BAB468100620384 /* Release */ = {
			isa = XCBuildConfiguration;
			buildSettings = {
				ASSETCATALOG_COMPILER_APPICON_NAME = AppIcon;
				ASSETCATALOG_COMPILER_GLOBAL_ACCENT_COLOR_NAME = AccentColor;
				CODE_SIGN_STYLE = Automatic;
				CURRENT_PROJECT_VERSION = 1;
				GENERATE_INFOPLIST_FILE = YES;
				INFOPLIST_FILE = "College-Student-Using-Coredata/Info.plist";
				INFOPLIST_KEY_UIApplicationSupportsIndirectInputEvents = YES;
				INFOPLIST_KEY_UILaunchStoryboardName = LaunchScreen;
				INFOPLIST_KEY_UIMainStoryboardFile = Main;
				INFOPLIST_KEY_UISupportedInterfaceOrientations_iPad = "UIInterfaceOrientationPortrait UIInterfaceOrientationPortraitUpsideDown UIInterfaceOrientationLandscapeLeft UIInterfaceOrientationLandscapeRight";
				INFOPLIST_KEY_UISupportedInterfaceOrientations_iPhone = "UIInterfaceOrientationPortrait UIInterfaceOrientationLandscapeLeft UIInterfaceOrientationLandscapeRight";
				LD_RUNPATH_SEARCH_PATHS = (
					"$(inherited)",
					"@executable_path/Frameworks",
				);
				MARKETING_VERSION = 1.0;
				PRODUCT_BUNDLE_IDENTIFIER = "com.basics.coredatayp.College-Student-Using-Coredata";
				PRODUCT_NAME = "$(TARGET_NAME)";
				SWIFT_EMIT_LOC_STRINGS = YES;
				SWIFT_VERSION = 5.0;
				TARGETED_DEVICE_FAMILY = "1,2";
			};
			name = Release;
		};
/* End XCBuildConfiguration section */

/* Begin XCConfigurationList section */
		2701AE812BAB467C00620384 /* Build configuration list for PBXProject "College-Student-Using-Coredata" */ = {
			isa = XCConfigurationList;
			buildConfigurations = (
				2701AE9B2BAB468100620384 /* Debug */,
				2701AE9C2BAB468100620384 /* Release */,
			);
			defaultConfigurationIsVisible = 0;
			defaultConfigurationName = Release;
		};
		2701AE9D2BAB468100620384 /* Build configuration list for PBXNativeTarget "College-Student-Using-Coredata" */ = {
			isa = XCConfigurationList;
			buildConfigurations = (
				2701AE9E2BAB468100620384 /* Debug */,
				2701AE9F2BAB468100620384 /* Release */,
			);
			defaultConfigurationIsVisible = 0;
			defaultConfigurationName = Release;
		};
/* End XCConfigurationList section */

/* Begin XCVersionGroup section */
		2701AE922BAB467D00620384 /* College_Student_Using_Coredata.xcdatamodeld */ = {
			isa = XCVersionGroup;
			children = (
				2701AE932BAB467D00620384 /* College_Student_Using_Coredata.xcdatamodel */,
			);
			currentVersion = 2701AE932BAB467D00620384 /* College_Student_Using_Coredata.xcdatamodel */;
			path = College_Student_Using_Coredata.xcdatamodeld;
			sourceTree = "<group>";
			versionGroupType = wrapper.xcdatamodel;
		};
/* End XCVersionGroup section */
	};
	rootObject = 2701AE7E2BAB467C00620384 /* Project object */;
}
